
Microsoft Visual Studio Solution File, Format Version 12.00
# Visual Studio 2013
VisualStudioVersion = 12.0.40629.0
MinimumVisualStudioVersion = 10.0.40219.1
Project("{FAE04EC0-301F-11D3-BF4B-00C04F79EFBC}") = "MessageBoard", "MessageBoard\MessageBoard.csproj", "{7AF72E16-B3CC-4C2F-85E3-DB4E25B36C3A}"
EndProject
Global
	GlobalSection(SolutionConfigurationPlatforms) = preSolution
		Debug|Any CPU = Debug|Any CPU
		Release|Any CPU = Release|Any CPU
	EndGlobalSection
	GlobalSection(ProjectConfigurationPlatforms) = postSolution
		{7AF72E16-B3CC-4C2F-85E3-DB4E25B36C3A}.Debug|Any CPU.ActiveCfg = Debug|Any CPU
		{7AF72E16-B3CC-4C2F-85E3-DB4E25B36C3A}.Debug|Any CPU.Build.0 = Debug|Any CPU
		{7AF72E16-B3CC-4C2F-85E3-DB4E25B36C3A}.Release|Any CPU.ActiveCfg = Release|Any CPU
		{7AF72E16-B3CC-4C2F-85E3-DB4E25B36C3A}.Release|Any CPU.Build.0 = Release|Any CPU
	EndGlobalSection
	GlobalSection(SolutionProperties) = preSolution
		HideSolutionNode = FALSE
	EndGlobalSection
EndGlobal
